{
  "name": "colorpicker",
  "version": "1.0.0",
  "lockfileVersion": 1,
  "requires": true,
  "dependencies": {
    "@satachito/jp-color-picker": {
      "version": "1.0.5",
      "resolved": "https://registry.npmjs.org/@satachito/jp-color-picker/-/jp-color-picker-1.0.5.tgz",
      "integrity": "sha512-X5H3lgW4XlaBHiI8De7PiN6fMnTc0nOfoSWbJPLTYfBdeyrmFpJWUDtCns6uqysE/TvbIqHGzpdxAXiVl/qpBg=="
    }
  }
}
