{
  "name": "colorpicker",
  "version": "1.0.0",
  "lockfileVersion": 1,
  "requires": true,
  "dependencies": {
    "@satachito/jp-color-picker": {
      "version": "1.0.3",
      "resolved": "https://registry.npmjs.org/@satachito/jp-color-picker/-/jp-color-picker-1.0.3.tgz",
      "integrity": "sha512-qeynWauI45SvNHdH1kfSBc+QRRFtrua7n2jS7lyKWpG+r1Gagqeq+wRaUWgyEOQGwz2eADwHf8VJi6V2xAhd2g=="
    }
  }
}
