{
  "name": "colorpicker",
  "version": "1.0.0",
  "lockfileVersion": 1,
  "requires": true,
  "dependencies": {
    "@satachito/jp-color-picker": {
      "version": "1.0.4",
      "resolved": "https://registry.npmjs.org/@satachito/jp-color-picker/-/jp-color-picker-1.0.4.tgz",
      "integrity": "sha512-59dWcqI1FKJmo2mDouFOMQmn0xBUJwOo3N4EaWfFZyu8wLynDXu1dewZXOUKlW2sNjC+gR2vnqHwsXnKQ2Gb8w=="
    }
  }
}
